github.com/HydrologicEngineeringCenter/go-statistics v0.0.0-20210721135724-6478074dde32 h1:J8IOgufb4Q/Zp2pnJxIeCxkHH7FhjfOFP9qxCd16NGE=
github.com/HydrologicEngineeringCenter/go-statistics v0.0.0-20210721135724-6478074dde32/go.mod h1:emMoyYiFKgCy3DPFt4uKUdHZ9FwC8k1YArGNifarbmg=
github.com/HydrologicEngineeringCenter/go-statistics v0.0.0-20210801223832-26ff6cd12ed9 h1:7vWUEhE3EOYN9IJA1peWJrCkHND6WlIn9qDU58ZDK+4=
github.com/HydrologicEngineeringCenter/go-statistics v0.0.0-20210801223832-26ff6cd12ed9/go.mod h1:emMoyYiFKgCy3DPFt4uKUdHZ9FwC8k1YArGNifarbmg=
github.com/HydrologicEngineeringCenter/go-statistics v0.0.0-20210802152938-62762a4040a1 h1:ECfkaE790JCSLtTLnciZGNpCm80b677gBmTrSH3mMPU=
github.com/HydrologicEngineeringCenter/go-statistics v0.0.0-20210802152938-62762a4040a1/go.mod h1:emMoyYiFKgCy3DPFt4uKUdHZ9FwC8k1YArGNifarbmg=
github.com/HydrologicEngineeringCenter/go-statistics v0.0.0-20210804223753-3b0b0cd9013d h1:j5Twn+EblGtpGPewYlcoPlLAmfHCKmsvlY86eLzRsV4=
github.com/HydrologicEngineeringCenter/go-statistics v0.0.0-20210804223753-3b0b0cd9013d/go.mod h1:emMoyYiFKgCy3DPFt4uKUdHZ9FwC8k1YArGNifarbmg=
github.com/USACE/go-consequences v0.0.0-20210801024354-9ee404d7c57e h1:EzUM6NA+k9pUqwuhLF0ON+Ypk8eFlTkUblulZK4kTp8=
github.com/USACE/go-consequences v0.0.0-20210801024354-9ee404d7c57e/go.mod h1:CIKB9T/jXUweXejuLTBb30TbhGQOnbovNm0BaXsXIBw=
github.com/USACE/go-consequences v0.0.0-20210802143930-0a02d36f8eba h1:XQAwkoFJ2DQM3JaB2S49rSbgCDKEHS2f+fHdY+qj/GE=
github.com/USACE/go-consequences v0.0.0-20210802143930-0a02d36f8eba/go.mod h1:CIKB9T/jXUweXejuLTBb30TbhGQOnbovNm0BaXsXIBw=
github.com/USACE/go-consequences v0.0.0-20210804162619-f6579754ac28 h1:MPXfaGcVeiyahTroINLy9nlJl8RjdiPUQdnHYAOQ8Y0=
github.com/USACE/go-consequences v0.0.0-20210804162619-f6579754ac28/go.mod h1:CIKB9T/jXUweXejuLTBb30TbhGQOnbovNm0BaXsXIBw=
github.com/USACE/go-consequences v0.0.0-20210804230106-64ddb7aac89f h1:gAovOPKkvhlNOjYyP4eFd3VHo0qWjmt3+FA5n1bxXMg=
github.com/USACE/go-consequences v0.0.0-20210804230106-64ddb7aac89f/go.mod h1:5O5umxzDZilMxM20m8eY0EN9AN7JHaX/U5rXt+G+f8Y=
github.com/cockroachdb/apd v1.1.0 h1:3LFP3629v+1aKXU5Q37mxmRxX/pIu1nijXydLShEq5I=
github.com/cockroachdb/apd v1.1.0/go.mod h1:8Sl8LxpKi29FqWXR16WEFZRNSz3SoPzUzeMeY4+DwBQ=
github.com/dewberry/gdal v0.3.2 h1:TqvMiSNbd8Cc5QwgOI92Dbg8zz08PWs8Vwk+WLYSSJE=
github.com/dewberry/gdal v0.3.2/go.mod h1:3knazvb7vQFrFAl7+iWI34xP0iiRS7iRFZ1C4Jfwx7Q=
github.com/leekchan/accounting v1.0.0/go.mod h1:3timm6YPhY3YDaGxl0q3eaflX0eoSx3FXn7ckHe4tO0=
github.com/lib/pq v1.0.0/go.mod h1:5WUZQaWbwv1U+lTReE5YruASi9Al49XbQIvNi/34Woo=
github.com/pkg/errors v0.8.1/go.mod h1:bwawxfHBFNV+L2hUp1rHADufV3IMtnDRdf1r5NINEl0=
github.com/pkg/errors v0.9.1/go.mod h1:bwawxfHBFNV+L2hUp1rHADufV3IMtnDRdf1r5NINEl0=
github.com/shopspring/decimal v0.0.0-20180709203117-cd690d0c9e24/go.mod h1:M+9NzErvs504Cn4c5DxATwIqPbtswREoFCre64PpcG4=
github.com/shopspring/decimal v1.2.0/go.mod h1:DKyhrW/HYNuLGql+MJL6WCR6knT2jwCFRcu2hWCYk4o=
